
Microsoft Visual Studio Solution File, Format Version 12.00
# Visual Studio Version 17
VisualStudioVersion = 17.10.35013.160
MinimumVisualStudioVersion = 10.0.40219.1
Project("{FAE04EC0-301F-11D3-BF4B-00C04F79EFBC}") = "FiveInputGateNN", "FiveInputGateNN\FiveInputGateNN.csproj", "{10B7CF4F-3C77-47A2-A7FD-4F4521D587AD}"
EndProject
Global
	GlobalSection(SolutionConfigurationPlatforms) = preSolution
		Debug|Any CPU = Debug|Any CPU
		Release|Any CPU = Release|Any CPU
	EndGlobalSection
	GlobalSection(ProjectConfigurationPlatforms) = postSolution
		{10B7CF4F-3C77-47A2-A7FD-4F4521D587AD}.Debug|Any CPU.ActiveCfg = Debug|Any CPU
		{10B7CF4F-3C77-47A2-A7FD-4F4521D587AD}.Debug|Any CPU.Build.0 = Debug|Any CPU
		{10B7CF4F-3C77-47A2-A7FD-4F4521D587AD}.Release|Any CPU.ActiveCfg = Release|Any CPU
		{10B7CF4F-3C77-47A2-A7FD-4F4521D587AD}.Release|Any CPU.Build.0 = Release|Any CPU
	EndGlobalSection
	GlobalSection(SolutionProperties) = preSolution
		HideSolutionNode = FALSE
	EndGlobalSection
	GlobalSection(ExtensibilityGlobals) = postSolution
		SolutionGuid = {6A2A02DB-AEEC-4577-A976-83D26878D587}
	EndGlobalSection
EndGlobal
